
Microsoft Visual Studio Solution File, Format Version 12.00
# Visual Studio 15
VisualStudioVersion = 15.0.27428.2002
MinimumVisualStudioVersion = 10.0.40219.1
Project("{FAE04EC0-301F-11D3-BF4B-00C04F79EFBC}") = "ConsoleAppPrep", "ConsoleAppPrep\ConsoleAppPrep.csproj", "{5DCD3BA4-7571-4C91-BF80-3E759F0FE217}"
EndProject
Global
	GlobalSection(SolutionConfigurationPlatforms) = preSolution
		Debug|Any CPU = Debug|Any CPU
		Release|Any CPU = Release|Any CPU
	EndGlobalSection
	GlobalSection(ProjectConfigurationPlatforms) = postSolution
		{5DCD3BA4-7571-4C91-BF80-3E759F0FE217}.Debug|Any CPU.ActiveCfg = Debug|Any CPU
		{5DCD3BA4-7571-4C91-BF80-3E759F0FE217}.Debug|Any CPU.Build.0 = Debug|Any CPU
		{5DCD3BA4-7571-4C91-BF80-3E759F0FE217}.Release|Any CPU.ActiveCfg = Release|Any CPU
		{5DCD3BA4-7571-4C91-BF80-3E759F0FE217}.Release|Any CPU.Build.0 = Release|Any CPU
	EndGlobalSection
	GlobalSection(SolutionProperties) = preSolution
		HideSolutionNode = FALSE
	EndGlobalSection
	GlobalSection(ExtensibilityGlobals) = postSolution
		SolutionGuid = {4A408690-B4F5-457B-9AAC-C673162112AC}
	EndGlobalSection
EndGlobal
